
Microsoft Visual Studio Solution File, Format Version 12.00
# Visual Studio Version 17
VisualStudioVersion = 17.4.33213.308
MinimumVisualStudioVersion = 10.0.40219.1
Project("{FAE04EC0-301F-11D3-BF4B-00C04F79EFBC}") = "MiChamba", "MiChamba.csproj", "{1E55E49C-C286-4AAC-AA99-0F900FA6D278}"
EndProject
Global
	GlobalSection(SolutionConfigurationPlatforms) = preSolution
		Debug|Any CPU = Debug|Any CPU
		Release|Any CPU = Release|Any CPU
	EndGlobalSection
	GlobalSection(ProjectConfigurationPlatforms) = postSolution
		{1E55E49C-C286-4AAC-AA99-0F900FA6D278}.Debug|Any CPU.ActiveCfg = Debug|Any CPU
		{1E55E49C-C286-4AAC-AA99-0F900FA6D278}.Debug|Any CPU.Build.0 = Debug|Any CPU
		{1E55E49C-C286-4AAC-AA99-0F900FA6D278}.Release|Any CPU.ActiveCfg = Release|Any CPU
		{1E55E49C-C286-4AAC-AA99-0F900FA6D278}.Release|Any CPU.Build.0 = Release|Any CPU
	EndGlobalSection
	GlobalSection(SolutionProperties) = preSolution
		HideSolutionNode = FALSE
	EndGlobalSection
	GlobalSection(ExtensibilityGlobals) = postSolution
		SolutionGuid = {558D76BD-E386-44A6-8DF7-5090165636F0}
	EndGlobalSection
EndGlobal
